{
  "name": "fish",
  "version": "1.0.0",
  "lockfileVersion": 2,
  "requires": true,
  "packages": {
    "": {
      "name": "fish",
      "version": "1.0.0",
      "license": "ISC",
      "dependencies": {
        "lodash": "^4.17.21",
        "zimjs": "^13.0.1"
      }
    },
    "node_modules/@danzen/createjs": {
      "version": "1.3.4",
      "resolved": "https://registry.npmjs.org/@danzen/createjs/-/createjs-1.3.4.tgz",
      "integrity": "sha512-QOfmyEOuv9/v12nXr7V+QhXZyb+SOwOItffv+8rpu+bO6CuwR5HcSoh+mePJx4quPqx09wr2+1/ITLEexr7Zug=="
    },
    "node_modules/lodash": {
      "version": "4.17.21",
      "resolved": "https://registry.npmjs.org/lodash/-/lodash-4.17.21.tgz",
      "integrity": "sha512-v2kDEe57lecTulaDIuNTPy3Ry4gLGJ6Z1O3vE1krgXZNrsQ+LFTGHVxVjcXPs17LhbZVGedAJv8XZ1tvj5FvSg=="
    },
    "node_modules/zimjs": {
      "version": "13.0.1",
      "resolved": "https://registry.npmjs.org/zimjs/-/zimjs-13.0.1.tgz",
      "integrity": "sha512-Y6eqZw6RiKhC8pZgrdl2A9xx6DL3T/xxbWLRiJ5NpN1NKXJQpcQh01SLiQGOTYMertB6Ni4FHRcMk+tvZ/Z4Uw==",
      "dependencies": {
        "@danzen/createjs": ">=1.3.4"
      }
    }
  },
  "dependencies": {
    "@danzen/createjs": {
      "version": "1.3.4",
      "resolved": "https://registry.npmjs.org/@danzen/createjs/-/createjs-1.3.4.tgz",
      "integrity": "sha512-QOfmyEOuv9/v12nXr7V+QhXZyb+SOwOItffv+8rpu+bO6CuwR5HcSoh+mePJx4quPqx09wr2+1/ITLEexr7Zug=="
    },
    "lodash": {
      "version": "4.17.21",
      "resolved": "https://registry.npmjs.org/lodash/-/lodash-4.17.21.tgz",
      "integrity": "sha512-v2kDEe57lecTulaDIuNTPy3Ry4gLGJ6Z1O3vE1krgXZNrsQ+LFTGHVxVjcXPs17LhbZVGedAJv8XZ1tvj5FvSg=="
    },
    "zimjs": {
      "version": "13.0.1",
      "resolved": "https://registry.npmjs.org/zimjs/-/zimjs-13.0.1.tgz",
      "integrity": "sha512-Y6eqZw6RiKhC8pZgrdl2A9xx6DL3T/xxbWLRiJ5NpN1NKXJQpcQh01SLiQGOTYMertB6Ni4FHRcMk+tvZ/Z4Uw==",
      "requires": {
        "@danzen/createjs": ">=1.3.4"
      }
    }
  }
}
